
Microsoft Visual Studio Solution File, Format Version 12.00
# Visual Studio Version 16
VisualStudioVersion = 16.0.31112.23
MinimumVisualStudioVersion = 10.0.40219.1
Project("{FAE04EC0-301F-11D3-BF4B-00C04F79EFBC}") = "AzureBlobStorage", "AzureBlobStorage\AzureBlobStorage.csproj", "{909C38C6-ABF7-49A2-BAAD-FFF09C27C14B}"
EndProject
Global
	GlobalSection(SolutionConfigurationPlatforms) = preSolution
		Debug|Any CPU = Debug|Any CPU
		Release|Any CPU = Release|Any CPU
	EndGlobalSection
	GlobalSection(ProjectConfigurationPlatforms) = postSolution
		{909C38C6-ABF7-49A2-BAAD-FFF09C27C14B}.Debug|Any CPU.ActiveCfg = Debug|Any CPU
		{909C38C6-ABF7-49A2-BAAD-FFF09C27C14B}.Debug|Any CPU.Build.0 = Debug|Any CPU
		{909C38C6-ABF7-49A2-BAAD-FFF09C27C14B}.Release|Any CPU.ActiveCfg = Release|Any CPU
		{909C38C6-ABF7-49A2-BAAD-FFF09C27C14B}.Release|Any CPU.Build.0 = Release|Any CPU
	EndGlobalSection
	GlobalSection(SolutionProperties) = preSolution
		HideSolutionNode = FALSE
	EndGlobalSection
	GlobalSection(ExtensibilityGlobals) = postSolution
		SolutionGuid = {7CA2FCC1-6E54-4836-A146-432A438F3D12}
	EndGlobalSection
EndGlobal
